// !$*UTF8*$!
{
	archiveVersion = 1;
	classes = {
	};
	objectVersion = 45;
	objects = {

/* Begin PBXBuildFile section */
		262A8DBF12BB5F1300CFC561 /* TestOperators.m in Sources */ = {isa = PBXBuildFile; fileRef = 262A8DBE12BB5F1300CFC561 /* TestOperators.m */; };
		262A8E9512BB7CB500CFC561 /* libCMathExpressionParser.a in Frameworks */ = {isa = PBXBuildFile; fileRef = 262A8E9012BB7C9F00CFC561 /* libCMathExpressionParser.a */; };
		262A8E9812BB7CD100CFC561 /* CParserCFunction.m in Sources */ = {isa = PBXBuildFile; fileRef = 266655A012B9F4CE00BB5F08 /* CParserCFunction.m */; };
		262A8E9912BB7CD100CFC561 /* CParserFunction.m in Sources */ = {isa = PBXBuildFile; fileRef = 266655A612B9F4CE00BB5F08 /* CParserFunction.m */; };
		262A8E9A12BB7CD100CFC561 /* CParserMacroFunction.m in Sources */ = {isa = PBXBuildFile; fileRef = 266655AA12B9F4CE00BB5F08 /* CParserMacroFunction.m */; };
		262A8E9B12BB7CD100CFC561 /* CParserMath.c in Sources */ = {isa = PBXBuildFile; fileRef = 266655AB12B9F4CE00BB5F08 /* CParserMath.c */; };
		262A8E9D12BB7CD100CFC561 /* CPEvaluator.m in Sources */ = {isa = PBXBuildFile; fileRef = 8F5169AD12B7CC4D00891978 /* CPEvaluator.m */; };
		262A8E9E12BB7CD100CFC561 /* CPStack.m in Sources */ = {isa = PBXBuildFile; fileRef = 8FD132C512B590CD009A2559 /* CPStack.m */; };
		262A8E9F12BB7CD100CFC561 /* CPToken.m in Sources */ = {isa = PBXBuildFile; fileRef = 8FD132C212B590BC009A2559 /* CPToken.m */; };
		262A8EA012BB7CD100CFC561 /* CPTokenizer.m in Sources */ = {isa = PBXBuildFile; fileRef = 8F51685D12B7376500891978 /* CPTokenizer.m */; };
		262A8EA112BB7CD100CFC561 /* NSArray+reverse.m in Sources */ = {isa = PBXBuildFile; fileRef = 8F51699812B7CB2A00891978 /* NSArray+reverse.m */; };
		262A8EA212BB7CD100CFC561 /* Operators.m in Sources */ = {isa = PBXBuildFile; fileRef = 262A8D7A12BB569800CFC561 /* Operators.m */; };
		262A8EBA12BB7D4D00CFC561 /* libCMathExpressionParser.a in Frameworks */ = {isa = PBXBuildFile; fileRef = 262A8E9012BB7C9F00CFC561 /* libCMathExpressionParser.a */; };
		262A8F2412BB80BB00CFC561 /* CPEvaluator.h in Headers */ = {isa = PBXBuildFile; fileRef = 8F5169AC12B7CC4D00891978 /* CPEvaluator.h */; settings = {ATTRIBUTES = (Public, ); }; };
		262A8F2512BB80BB00CFC561 /* CParserCFunction.h in Headers */ = {isa = PBXBuildFile; fileRef = 2666559F12B9F4CE00BB5F08 /* CParserCFunction.h */; settings = {ATTRIBUTES = (Public, ); }; };
		262A8F2612BB80BB00CFC561 /* CParserMath.h in Headers */ = {isa = PBXBuildFile; fileRef = 266655AC12B9F4CE00BB5F08 /* CParserMath.h */; settings = {ATTRIBUTES = (Public, ); }; };
		262A8F2812BB80BB00CFC561 /* CPTokenizer.h in Headers */ = {isa = PBXBuildFile; fileRef = 8F51685C12B7376500891978 /* CPTokenizer.h */; settings = {ATTRIBUTES = (Public, ); }; };
		262A8F2912BB80BB00CFC561 /* CPStack.h in Headers */ = {isa = PBXBuildFile; fileRef = 8FD132C412B590CD009A2559 /* CPStack.h */; settings = {ATTRIBUTES = (Public, ); }; };
		262A8F2A12BB80BB00CFC561 /* Operators.h in Headers */ = {isa = PBXBuildFile; fileRef = 262A8D7912BB569800CFC561 /* Operators.h */; settings = {ATTRIBUTES = (Public, ); }; };
		262A8F2B12BB80BB00CFC561 /* CParserMacroFunction.h in Headers */ = {isa = PBXBuildFile; fileRef = 266655A912B9F4CE00BB5F08 /* CParserMacroFunction.h */; settings = {ATTRIBUTES = (Public, ); }; };
		262A8F2C12BB80BB00CFC561 /* CPToken.h in Headers */ = {isa = PBXBuildFile; fileRef = 8FD132C112B590BC009A2559 /* CPToken.h */; settings = {ATTRIBUTES = (Public, ); }; };
		262A8F2E12BB80BB00CFC561 /* CParserGlobal.h in Headers */ = {isa = PBXBuildFile; fileRef = 266655A712B9F4CE00BB5F08 /* CParserGlobal.h */; settings = {ATTRIBUTES = (Public, ); }; };
		262A8F2F12BB80BB00CFC561 /* CParserFunction.h in Headers */ = {isa = PBXBuildFile; fileRef = 266655A512B9F4CE00BB5F08 /* CParserFunction.h */; settings = {ATTRIBUTES = (Public, ); }; };
		262AF7AF12C3373E00B1380E /* TestStack.m in Sources */ = {isa = PBXBuildFile; fileRef = 262AF7AE12C3373E00B1380E /* TestStack.m */; };
		262AF91312C362A600B1380E /* NSScanner+Lookahead.h in Headers */ = {isa = PBXBuildFile; fileRef = 262AF91112C362A600B1380E /* NSScanner+Lookahead.h */; };
		262AF91412C362A600B1380E /* NSScanner+Lookahead.m in Sources */ = {isa = PBXBuildFile; fileRef = 262AF91212C362A600B1380E /* NSScanner+Lookahead.m */; };
		266655E012B9F58800BB5F08 /* TestNSArray+reverse.m in Sources */ = {isa = PBXBuildFile; fileRef = 266655C112B9F4EE00BB5F08 /* TestNSArray+reverse.m */; };
		266655E112B9F58900BB5F08 /* TestTokenizer.m in Sources */ = {isa = PBXBuildFile; fileRef = 266655C312B9F4EE00BB5F08 /* TestTokenizer.m */; };
		8DD76F9A0486AA7600D96B5E /* TestParser.m in Sources */ = {isa = PBXBuildFile; fileRef = 08FB7796FE84155DC02AAC07 /* TestParser.m */; settings = {ATTRIBUTES = (); }; };
		8DD76F9C0486AA7600D96B5E /* Foundation.framework in Frameworks */ = {isa = PBXBuildFile; fileRef = 08FB779EFE84155DC02AAC07 /* Foundation.framework */; };
/* End PBXBuildFile section */

/* Begin PBXContainerItemProxy section */
		262A8E9312BB7CAF00CFC561 /* PBXContainerItemProxy */ = {
			isa = PBXContainerItemProxy;
			containerPortal = 08FB7793FE84155DC02AAC07 /* Project object */;
			proxyType = 1;
			remoteGlobalIDString = 262A8E8F12BB7C9F00CFC561 /* CMathExpressionParser */;
			remoteInfo = CMathExpressionParser;
		};
		262A8EB812BB7D4900CFC561 /* PBXContainerItemProxy */ = {
			isa = PBXContainerItemProxy;
			containerPortal = 08FB7793FE84155DC02AAC07 /* Project object */;
			proxyType = 1;
			remoteGlobalIDString = 262A8E8F12BB7C9F00CFC561 /* CMathExpressionParser */;
			remoteInfo = CMathExpressionParser;
		};
		262A8EC412BB7D8500CFC561 /* PBXContainerItemProxy */ = {
			isa = PBXContainerItemProxy;
			containerPortal = 08FB7793FE84155DC02AAC07 /* Project object */;
			proxyType = 1;
			remoteGlobalIDString = 266655CB12B9F50B00BB5F08 /* Tests */;
			remoteInfo = Tests;
		};
/* End PBXContainerItemProxy section */

/* Begin PBXCopyFilesBuildPhase section */
		8DD76F9E0486AA7600D96B5E /* CopyFiles */ = {
			isa = PBXCopyFilesBuildPhase;
			buildActionMask = 8;
			dstPath = /usr/share/man/man1/;
			dstSubfolderSpec = 0;
			files = (
			);
			runOnlyForDeploymentPostprocessing = 1;
		};
/* End PBXCopyFilesBuildPhase section */

/* Begin PBXFileReference section */
		08FB7796FE84155DC02AAC07 /* TestParser.m */ = {isa = PBXFileReference; fileEncoding = 4; lastKnownFileType = sourcecode.c.objc; path = TestParser.m; sourceTree = "<group>"; };
		08FB779EFE84155DC02AAC07 /* Foundation.framework */ = {isa = PBXFileReference; lastKnownFileType = wrapper.framework; name = Foundation.framework; path = /System/Library/Frameworks/Foundation.framework; sourceTree = "<absolute>"; };
		262A8D7912BB569800CFC561 /* Operators.h */ = {isa = PBXFileReference; fileEncoding = 4; lastKnownFileType = sourcecode.c.h; path = Operators.h; sourceTree = "<group>"; };
		262A8D7A12BB569800CFC561 /* Operators.m */ = {isa = PBXFileReference; fileEncoding = 4; lastKnownFileType = sourcecode.c.objc; path = Operators.m; sourceTree = "<group>"; };
		262A8DBE12BB5F1300CFC561 /* TestOperators.m */ = {isa = PBXFileReference; fileEncoding = 4; lastKnownFileType = sourcecode.c.objc; path = TestOperators.m; sourceTree = "<group>"; };
		262A8E9012BB7C9F00CFC561 /* libCMathExpressionParser.a */ = {isa = PBXFileReference; explicitFileType = archive.ar; includeInIndex = 0; path = libCMathExpressionParser.a; sourceTree = BUILT_PRODUCTS_DIR; };
		262AF7AE12C3373E00B1380E /* TestStack.m */ = {isa = PBXFileReference; fileEncoding = 4; lastKnownFileType = sourcecode.c.objc; path = TestStack.m; sourceTree = "<group>"; };
		262AF91112C362A600B1380E /* NSScanner+Lookahead.h */ = {isa = PBXFileReference; fileEncoding = 4; lastKnownFileType = sourcecode.c.h; path = "NSScanner+Lookahead.h"; sourceTree = "<group>"; };
		262AF91212C362A600B1380E /* NSScanner+Lookahead.m */ = {isa = PBXFileReference; fileEncoding = 4; lastKnownFileType = sourcecode.c.objc; path = "NSScanner+Lookahead.m"; sourceTree = "<group>"; };
		2666559F12B9F4CE00BB5F08 /* CParserCFunction.h */ = {isa = PBXFileReference; fileEncoding = 4; lastKnownFileType = sourcecode.c.h; path = CParserCFunction.h; sourceTree = "<group>"; };
		266655A012B9F4CE00BB5F08 /* CParserCFunction.m */ = {isa = PBXFileReference; fileEncoding = 4; lastKnownFileType = sourcecode.c.objc; path = CParserCFunction.m; sourceTree = "<group>"; };
		266655A512B9F4CE00BB5F08 /* CParserFunction.h */ = {isa = PBXFileReference; fileEncoding = 4; lastKnownFileType = sourcecode.c.h; path = CParserFunction.h; sourceTree = "<group>"; };
		266655A612B9F4CE00BB5F08 /* CParserFunction.m */ = {isa = PBXFileReference; fileEncoding = 4; lastKnownFileType = sourcecode.c.objc; path = CParserFunction.m; sourceTree = "<group>"; };
		266655A712B9F4CE00BB5F08 /* CParserGlobal.h */ = {isa = PBXFileReference; fileEncoding = 4; lastKnownFileType = sourcecode.c.h; path = CParserGlobal.h; sourceTree = "<group>"; };
		266655A912B9F4CE00BB5F08 /* CParserMacroFunction.h */ = {isa = PBXFileReference; fileEncoding = 4; lastKnownFileType = sourcecode.c.h; path = CParserMacroFunction.h; sourceTree = "<group>"; };
		266655AA12B9F4CE00BB5F08 /* CParserMacroFunction.m */ = {isa = PBXFileReference; fileEncoding = 4; lastKnownFileType = sourcecode.c.objc; path = CParserMacroFunction.m; sourceTree = "<group>"; };
		266655AB12B9F4CE00BB5F08 /* CParserMath.c */ = {isa = PBXFileReference; fileEncoding = 4; lastKnownFileType = sourcecode.c.c; path = CParserMath.c; sourceTree = "<group>"; };
		266655AC12B9F4CE00BB5F08 /* CParserMath.h */ = {isa = PBXFileReference; fileEncoding = 4; lastKnownFileType = sourcecode.c.h; path = CParserMath.h; sourceTree = "<group>"; };
		266655C112B9F4EE00BB5F08 /* TestNSArray+reverse.m */ = {isa = PBXFileReference; fileEncoding = 4; lastKnownFileType = sourcecode.c.objc; path = "TestNSArray+reverse.m"; sourceTree = "<group>"; };
		266655C212B9F4EE00BB5F08 /* Tests-Info.plist */ = {isa = PBXFileReference; fileEncoding = 4; lastKnownFileType = text.plist.xml; path = "Tests-Info.plist"; sourceTree = "<group>"; };
		266655C312B9F4EE00BB5F08 /* TestTokenizer.m */ = {isa = PBXFileReference; fileEncoding = 4; lastKnownFileType = sourcecode.c.objc; path = TestTokenizer.m; sourceTree = "<group>"; };
		266655CC12B9F50B00BB5F08 /* Tests.octest */ = {isa = PBXFileReference; explicitFileType = wrapper.cfbundle; includeInIndex = 0; path = Tests.octest; sourceTree = BUILT_PRODUCTS_DIR; };
		32A70AAB03705E1F00C91783 /* CMathExpressionParser_Prefix.pch */ = {isa = PBXFileReference; fileEncoding = 4; lastKnownFileType = sourcecode.c.h; path = CMathExpressionParser_Prefix.pch; sourceTree = "<group>"; };
		8DD76FA10486AA7600D96B5E /* TestParser */ = {isa = PBXFileReference; explicitFileType = "compiled.mach-o.executable"; includeInIndex = 0; path = TestParser; sourceTree = BUILT_PRODUCTS_DIR; };
		8F51685C12B7376500891978 /* CPTokenizer.h */ = {isa = PBXFileReference; fileEncoding = 4; lastKnownFileType = sourcecode.c.h; path = CPTokenizer.h; sourceTree = "<group>"; };
		8F51685D12B7376500891978 /* CPTokenizer.m */ = {isa = PBXFileReference; fileEncoding = 4; lastKnownFileType = sourcecode.c.objc; path = CPTokenizer.m; sourceTree = "<group>"; };
		8F51699712B7CB2A00891978 /* NSArray+reverse.h */ = {isa = PBXFileReference; fileEncoding = 4; lastKnownFileType = sourcecode.c.h; path = "NSArray+reverse.h"; sourceTree = "<group>"; };
		8F51699812B7CB2A00891978 /* NSArray+reverse.m */ = {isa = PBXFileReference; fileEncoding = 4; lastKnownFileType = sourcecode.c.objc; path = "NSArray+reverse.m"; sourceTree = "<group>"; };
		8F5169AC12B7CC4D00891978 /* CPEvaluator.h */ = {isa = PBXFileReference; fileEncoding = 4; lastKnownFileType = sourcecode.c.h; path = CPEvaluator.h; sourceTree = "<group>"; };
		8F5169AD12B7CC4D00891978 /* CPEvaluator.m */ = {isa = PBXFileReference; fileEncoding = 4; lastKnownFileType = sourcecode.c.objc; path = CPEvaluator.m; sourceTree = "<group>"; };
		8FD132C112B590BC009A2559 /* CPToken.h */ = {isa = PBXFileReference; fileEncoding = 4; lastKnownFileType = sourcecode.c.h; path = CPToken.h; sourceTree = "<group>"; };
		8FD132C212B590BC009A2559 /* CPToken.m */ = {isa = PBXFileReference; fileEncoding = 4; lastKnownFileType = sourcecode.c.objc; path = CPToken.m; sourceTree = "<group>"; };
		8FD132C412B590CD009A2559 /* CPStack.h */ = {isa = PBXFileReference; fileEncoding = 4; lastKnownFileType = sourcecode.c.h; path = CPStack.h; sourceTree = "<group>"; };
		8FD132C512B590CD009A2559 /* CPStack.m */ = {isa = PBXFileReference; fileEncoding = 4; lastKnownFileType = sourcecode.c.objc; path = CPStack.m; sourceTree = "<group>"; };
/* End PBXFileReference section */

/* Begin PBXFrameworksBuildPhase section */
		262A8E8E12BB7C9F00CFC561 /* Frameworks */ = {
			isa = PBXFrameworksBuildPhase;
			buildActionMask = 2147483647;
			files = (
			);
			runOnlyForDeploymentPostprocessing = 0;
		};
		266655C912B9F50B00BB5F08 /* Frameworks */ = {
			isa = PBXFrameworksBuildPhase;
			buildActionMask = 2147483647;
			files = (
				262A8EBA12BB7D4D00CFC561 /* libCMathExpressionParser.a in Frameworks */,
			);
			runOnlyForDeploymentPostprocessing = 0;
		};
		8DD76F9B0486AA7600D96B5E /* Frameworks */ = {
			isa = PBXFrameworksBuildPhase;
			buildActionMask = 2147483647;
			files = (
				8DD76F9C0486AA7600D96B5E /* Foundation.framework in Frameworks */,
				262A8E9512BB7CB500CFC561 /* libCMathExpressionParser.a in Frameworks */,
			);
			runOnlyForDeploymentPostprocessing = 0;
		};
/* End PBXFrameworksBuildPhase section */

/* Begin PBXGroup section */
		08FB7794FE84155DC02AAC07 /* CMathExpressionParser */ = {
			isa = PBXGroup;
			children = (
				08FB7795FE84155DC02AAC07 /* Source */,
				262A8EF212BB7EA000CFC561 /* Test Program */,
				266655BF12B9F4EE00BB5F08 /* Unit Tests */,
				08FB779DFE84155DC02AAC07 /* External Frameworks and Libraries */,
				1AB674ADFE9D54B511CA2CBB /* Products */,
			);
			name = CMathExpressionParser;
			sourceTree = "<group>";
		};
		08FB7795FE84155DC02AAC07 /* Source */ = {
			isa = PBXGroup;
			children = (
				8F51699312B7CB1A00891978 /* Categories */,
				8F51698F12B7BCA100891978 /* Evaluator */,
				8F51685A12B7372600891978 /* Tokenizer */,
				8FD132C712B590D8009A2559 /* Stack */,
				8FD132BF12B590A3009A2559 /* Token */,
				32A70AAB03705E1F00C91783 /* CMathExpressionParser_Prefix.pch */,
			);
			name = Source;
			sourceTree = "<group>";
		};
		08FB779DFE84155DC02AAC07 /* External Frameworks and Libraries */ = {
			isa = PBXGroup;
			children = (
				08FB779EFE84155DC02AAC07 /* Foundation.framework */,
			);
			name = "External Frameworks and Libraries";
			sourceTree = "<group>";
		};
		1AB674ADFE9D54B511CA2CBB /* Products */ = {
			isa = PBXGroup;
			children = (
				8DD76FA10486AA7600D96B5E /* TestParser */,
				266655CC12B9F50B00BB5F08 /* Tests.octest */,
				262A8E9012BB7C9F00CFC561 /* libCMathExpressionParser.a */,
			);
			name = Products;
			sourceTree = "<group>";
		};
		262A8EF212BB7EA000CFC561 /* Test Program */ = {
			isa = PBXGroup;
			children = (
				08FB7796FE84155DC02AAC07 /* TestParser.m */,
			);
			name = "Test Program";
			sourceTree = "<group>";
		};
		266655BF12B9F4EE00BB5F08 /* Unit Tests */ = {
			isa = PBXGroup;
			children = (
				266655C112B9F4EE00BB5F08 /* TestNSArray+reverse.m */,
				266655C212B9F4EE00BB5F08 /* Tests-Info.plist */,
				266655C312B9F4EE00BB5F08 /* TestTokenizer.m */,
				262A8DBE12BB5F1300CFC561 /* TestOperators.m */,
				262AF7AE12C3373E00B1380E /* TestStack.m */,
			);
			name = "Unit Tests";
			path = Tests;
			sourceTree = "<group>";
		};
		266655F712B9F62200BB5F08 /* Functions */ = {
			isa = PBXGroup;
			children = (
				2666559F12B9F4CE00BB5F08 /* CParserCFunction.h */,
				266655A012B9F4CE00BB5F08 /* CParserCFunction.m */,
				266655A512B9F4CE00BB5F08 /* CParserFunction.h */,
				266655A612B9F4CE00BB5F08 /* CParserFunction.m */,
				266655A912B9F4CE00BB5F08 /* CParserMacroFunction.h */,
				266655AA12B9F4CE00BB5F08 /* CParserMacroFunction.m */,
			);
			name = Functions;
			sourceTree = "<group>";
		};
		8F51685A12B7372600891978 /* Tokenizer */ = {
			isa = PBXGroup;
			children = (
				8F51685C12B7376500891978 /* CPTokenizer.h */,
				8F51685D12B7376500891978 /* CPTokenizer.m */,
				262A8D7912BB569800CFC561 /* Operators.h */,
				262A8D7A12BB569800CFC561 /* Operators.m */,
			);
			name = Tokenizer;
			sourceTree = "<group>";
		};
		8F51698F12B7BCA100891978 /* Evaluator */ = {
			isa = PBXGroup;
			children = (
				266655F712B9F62200BB5F08 /* Functions */,
				266655A712B9F4CE00BB5F08 /* CParserGlobal.h */,
				266655AB12B9F4CE00BB5F08 /* CParserMath.c */,
				266655AC12B9F4CE00BB5F08 /* CParserMath.h */,
				8F5169AC12B7CC4D00891978 /* CPEvaluator.h */,
				8F5169AD12B7CC4D00891978 /* CPEvaluator.m */,
			);
			name = Evaluator;
			sourceTree = "<group>";
		};
		8F51699312B7CB1A00891978 /* Categories */ = {
			isa = PBXGroup;
			children = (
				8F51699712B7CB2A00891978 /* NSArray+reverse.h */,
				8F51699812B7CB2A00891978 /* NSArray+reverse.m */,
				262AF91112C362A600B1380E /* NSScanner+Lookahead.h */,
				262AF91212C362A600B1380E /* NSScanner+Lookahead.m */,
			);
			name = Categories;
			sourceTree = "<group>";
		};
		8FD132BF12B590A3009A2559 /* Token */ = {
			isa = PBXGroup;
			children = (
				8FD132C112B590BC009A2559 /* CPToken.h */,
				8FD132C212B590BC009A2559 /* CPToken.m */,
			);
			name = Token;
			sourceTree = "<group>";
		};
		8FD132C712B590D8009A2559 /* Stack */ = {
			isa = PBXGroup;
			children = (
				8FD132C412B590CD009A2559 /* CPStack.h */,
				8FD132C512B590CD009A2559 /* CPStack.m */,
			);
			name = Stack;
			sourceTree = "<group>";
		};
/* End PBXGroup section */

/* Begin PBXHeadersBuildPhase section */
		262A8E8C12BB7C9F00CFC561 /* Headers */ = {
			isa = PBXHeadersBuildPhase;
			buildActionMask = 2147483647;
			files = (
				262A8F2412BB80BB00CFC561 /* CPEvaluator.h in Headers */,
				262A8F2512BB80BB00CFC561 /* CParserCFunction.h in Headers */,
				262A8F2612BB80BB00CFC561 /* CParserMath.h in Headers */,
				262A8F2812BB80BB00CFC561 /* CPTokenizer.h in Headers */,
				262A8F2912BB80BB00CFC561 /* CPStack.h in Headers */,
				262A8F2A12BB80BB00CFC561 /* Operators.h in Headers */,
				262A8F2B12BB80BB00CFC561 /* CParserMacroFunction.h in Headers */,
				262A8F2C12BB80BB00CFC561 /* CPToken.h in Headers */,
				262A8F2E12BB80BB00CFC561 /* CParserGlobal.h in Headers */,
				262A8F2F12BB80BB00CFC561 /* CParserFunction.h in Headers */,
				262AF91312C362A600B1380E /* NSScanner+Lookahead.h in Headers */,
			);
			runOnlyForDeploymentPostprocessing = 0;
		};
/* End PBXHeadersBuildPhase section */

/* Begin PBXNativeTarget section */
		262A8E8F12BB7C9F00CFC561 /* CMathExpressionParser */ = {
			isa = PBXNativeTarget;
			buildConfigurationList = 262A8ED912BB7DB700CFC561 /* Build configuration list for PBXNativeTarget "CMathExpressionParser" */;
			buildPhases = (
				262A8E8C12BB7C9F00CFC561 /* Headers */,
				262A8E8D12BB7C9F00CFC561 /* Sources */,
				262A8E8E12BB7C9F00CFC561 /* Frameworks */,
			);
			buildRules = (
			);
			dependencies = (
			);
			name = CMathExpressionParser;
			productName = CMathExpressionParser;
			productReference = 262A8E9012BB7C9F00CFC561 /* libCMathExpressionParser.a */;
			productType = "com.apple.product-type.library.static";
		};
		266655CB12B9F50B00BB5F08 /* Tests */ = {
			isa = PBXNativeTarget;
			buildConfigurationList = 266655D012B9F50B00BB5F08 /* Build configuration list for PBXNativeTarget "Tests" */;
			buildPhases = (
				266655C712B9F50B00BB5F08 /* Resources */,
				266655C812B9F50B00BB5F08 /* Sources */,
				266655C912B9F50B00BB5F08 /* Frameworks */,
				266655CA12B9F50B00BB5F08 /* ShellScript */,
			);
			buildRules = (
			);
			dependencies = (
				262A8EB912BB7D4900CFC561 /* PBXTargetDependency */,
			);
			name = Tests;
			productName = Tests;
			productReference = 266655CC12B9F50B00BB5F08 /* Tests.octest */;
			productType = "com.apple.product-type.bundle";
		};
		8DD76F960486AA7600D96B5E /* TestParser */ = {
			isa = PBXNativeTarget;
			buildConfigurationList = 1DEB927408733DD40010E9CD /* Build configuration list for PBXNativeTarget "TestParser" */;
			buildPhases = (
				8DD76F990486AA7600D96B5E /* Sources */,
				8DD76F9B0486AA7600D96B5E /* Frameworks */,
				8DD76F9E0486AA7600D96B5E /* CopyFiles */,
			);
			buildRules = (
			);
			dependencies = (
				262A8E9412BB7CAF00CFC561 /* PBXTargetDependency */,
				262A8EC512BB7D8500CFC561 /* PBXTargetDependency */,
			);
			name = TestParser;
			productInstallPath = "$(HOME)/bin";
			productName = CMathExpressionParser;
			productReference = 8DD76FA10486AA7600D96B5E /* TestParser */;
			productType = "com.apple.product-type.tool";
		};
/* End PBXNativeTarget section */

/* Begin PBXProject section */
		08FB7793FE84155DC02AAC07 /* Project object */ = {
			isa = PBXProject;
			buildConfigurationList = 1DEB927808733DD40010E9CD /* Build configuration list for PBXProject "CMathExpressionParser" */;
			compatibilityVersion = "Xcode 3.1";
			hasScannedForEncodings = 1;
			mainGroup = 08FB7794FE84155DC02AAC07 /* CMathExpressionParser */;
			projectDirPath = "";
			projectRoot = "";
			targets = (
				8DD76F960486AA7600D96B5E /* TestParser */,
				266655CB12B9F50B00BB5F08 /* Tests */,
				262A8E8F12BB7C9F00CFC561 /* CMathExpressionParser */,
			);
		};
/* End PBXProject section */

/* Begin PBXResourcesBuildPhase section */
		266655C712B9F50B00BB5F08 /* Resources */ = {
			isa = PBXResourcesBuildPhase;
			buildActionMask = 2147483647;
			files = (
			);
			runOnlyForDeploymentPostprocessing = 0;
		};
/* End PBXResourcesBuildPhase section */

/* Begin PBXShellScriptBuildPhase section */
		266655CA12B9F50B00BB5F08 /* ShellScript */ = {
			isa = PBXShellScriptBuildPhase;
			buildActionMask = 2147483647;
			files = (
			);
			inputPaths = (
			);
			outputPaths = (
			);
			runOnlyForDeploymentPostprocessing = 0;
			shellPath = /bin/sh;
			shellScript = "# Run the unit tests in this test bundle.\n\"${SYSTEM_DEVELOPER_DIR}/Tools/RunUnitTests\"\n";
		};
/* End PBXShellScriptBuildPhase section */

/* Begin PBXSourcesBuildPhase section */
		262A8E8D12BB7C9F00CFC561 /* Sources */ = {
			isa = PBXSourcesBuildPhase;
			buildActionMask = 2147483647;
			files = (
				262A8E9812BB7CD100CFC561 /* CParserCFunction.m in Sources */,
				262A8E9912BB7CD100CFC561 /* CParserFunction.m in Sources */,
				262A8E9A12BB7CD100CFC561 /* CParserMacroFunction.m in Sources */,
				262A8E9B12BB7CD100CFC561 /* CParserMath.c in Sources */,
				262A8E9D12BB7CD100CFC561 /* CPEvaluator.m in Sources */,
				262A8E9E12BB7CD100CFC561 /* CPStack.m in Sources */,
				262A8E9F12BB7CD100CFC561 /* CPToken.m in Sources */,
				262A8EA012BB7CD100CFC561 /* CPTokenizer.m in Sources */,
				262A8EA112BB7CD100CFC561 /* NSArray+reverse.m in Sources */,
				262A8EA212BB7CD100CFC561 /* Operators.m in Sources */,
				262AF91412C362A600B1380E /* NSScanner+Lookahead.m in Sources */,
			);
			runOnlyForDeploymentPostprocessing = 0;
		};
		266655C812B9F50B00BB5F08 /* Sources */ = {
			isa = PBXSourcesBuildPhase;
			buildActionMask = 2147483647;
			files = (
				266655E012B9F58800BB5F08 /* TestNSArray+reverse.m in Sources */,
				266655E112B9F58900BB5F08 /* TestTokenizer.m in Sources */,
				262A8DBF12BB5F1300CFC561 /* TestOperators.m in Sources */,
				262AF7AF12C3373E00B1380E /* TestStack.m in Sources */,
			);
			runOnlyForDeploymentPostprocessing = 0;
		};
		8DD76F990486AA7600D96B5E /* Sources */ = {
			isa = PBXSourcesBuildPhase;
			buildActionMask = 2147483647;
			files = (
				8DD76F9A0486AA7600D96B5E /* TestParser.m in Sources */,
			);
			runOnlyForDeploymentPostprocessing = 0;
		};
/* End PBXSourcesBuildPhase section */

/* Begin PBXTargetDependency section */
		262A8E9412BB7CAF00CFC561 /* PBXTargetDependency */ = {
			isa = PBXTargetDependency;
			target = 262A8E8F12BB7C9F00CFC561 /* CMathExpressionParser */;
			targetProxy = 262A8E9312BB7CAF00CFC561 /* PBXContainerItemProxy */;
		};
		262A8EB912BB7D4900CFC561 /* PBXTargetDependency */ = {
			isa = PBXTargetDependency;
			target = 262A8E8F12BB7C9F00CFC561 /* CMathExpressionParser */;
			targetProxy = 262A8EB812BB7D4900CFC561 /* PBXContainerItemProxy */;
		};
		262A8EC512BB7D8500CFC561 /* PBXTargetDependency */ = {
			isa = PBXTargetDependency;
			target = 266655CB12B9F50B00BB5F08 /* Tests */;
			targetProxy = 262A8EC412BB7D8500CFC561 /* PBXContainerItemProxy */;
		};
/* End PBXTargetDependency section */

/* Begin XCBuildConfiguration section */
		1DEB927508733DD40010E9CD /* Debug */ = {
			isa = XCBuildConfiguration;
			buildSettings = {
				ALWAYS_SEARCH_USER_PATHS = NO;
				COPY_PHASE_STRIP = NO;
				GCC_DYNAMIC_NO_PIC = NO;
				GCC_ENABLE_FIX_AND_CONTINUE = YES;
				GCC_MODEL_TUNING = G5;
				GCC_OPTIMIZATION_LEVEL = 0;
				GCC_PRECOMPILE_PREFIX_HEADER = YES;
				GCC_PREFIX_HEADER = CMathExpressionParser_Prefix.pch;
				INSTALL_PATH = /usr/local/bin;
				OTHER_LDFLAGS = "-all_load";
				PRODUCT_NAME = TestParser;
			};
			name = Debug;
		};
		1DEB927608733DD40010E9CD /* Release */ = {
			isa = XCBuildConfiguration;
			buildSettings = {
				ALWAYS_SEARCH_USER_PATHS = NO;
				DEBUG_INFORMATION_FORMAT = "dwarf-with-dsym";
				GCC_MODEL_TUNING = G5;
				GCC_PRECOMPILE_PREFIX_HEADER = YES;
				GCC_PREFIX_HEADER = CMathExpressionParser_Prefix.pch;
				INSTALL_PATH = /usr/local/bin;
				OTHER_LDFLAGS = "-all_load";
				PRODUCT_NAME = TestParser;
			};
			name = Release;
		};
		1DEB927908733DD40010E9CD /* Debug */ = {
			isa = XCBuildConfiguration;
			buildSettings = {
				ARCHS = "$(ARCHS_STANDARD_32_64_BIT)";
				GCC_C_LANGUAGE_STANDARD = gnu99;
				GCC_OPTIMIZATION_LEVEL = 0;
				GCC_WARN_ABOUT_RETURN_TYPE = YES;
				GCC_WARN_UNUSED_VARIABLE = YES;
				ONLY_ACTIVE_ARCH = YES;
				PREBINDING = NO;
				SDKROOT = macosx10.5;
			};
			name = Debug;
		};
		1DEB927A08733DD40010E9CD /* Release */ = {
			isa = XCBuildConfiguration;
			buildSettings = {
				ARCHS = "$(ARCHS_STANDARD_32_64_BIT)";
				GCC_C_LANGUAGE_STANDARD = gnu99;
				GCC_WARN_ABOUT_RETURN_TYPE = YES;
				GCC_WARN_UNUSED_VARIABLE = YES;
				PREBINDING = NO;
				SDKROOT = macosx10.5;
			};
			name = Release;
		};
		262A8E9112BB7CA000CFC561 /* Debug */ = {
			isa = XCBuildConfiguration;
			buildSettings = {
				ALWAYS_SEARCH_USER_PATHS = NO;
				COPY_PHASE_STRIP = NO;
				GCC_DYNAMIC_NO_PIC = NO;
				GCC_ENABLE_FIX_AND_CONTINUE = YES;
				GCC_MODEL_TUNING = G5;
				GCC_OPTIMIZATION_LEVEL = 0;
				GCC_PRECOMPILE_PREFIX_HEADER = YES;
				GCC_PREFIX_HEADER = CMathExpressionParser_Prefix.pch;
				INSTALL_PATH = /usr/local/lib;
				OTHER_LDFLAGS = (
					"-framework",
					Foundation,
					"-framework",
					AppKit,
				);
				PREBINDING = NO;
				PRIVATE_HEADERS_FOLDER_PATH = "$(PUBLIC_HEADERS_FOLDER_PATH)";
				PRODUCT_NAME = CMathExpressionParser;
				PUBLIC_HEADERS_FOLDER_PATH = /usr/local/include/CMathExpressionParser;
			};
			name = Debug;
		};
		262A8E9212BB7CA000CFC561 /* Release */ = {
			isa = XCBuildConfiguration;
			buildSettings = {
				ALWAYS_SEARCH_USER_PATHS = NO;
				COPY_PHASE_STRIP = YES;
				DEBUG_INFORMATION_FORMAT = "dwarf-with-dsym";
				GCC_ENABLE_FIX_AND_CONTINUE = NO;
				GCC_MODEL_TUNING = G5;
				GCC_PRECOMPILE_PREFIX_HEADER = YES;
				GCC_PREFIX_HEADER = CMathExpressionParser_Prefix.pch;
				INSTALL_PATH = /usr/local/lib;
				OTHER_LDFLAGS = (
					"-framework",
					Foundation,
					"-framework",
					AppKit,
				);
				PREBINDING = NO;
				PRIVATE_HEADERS_FOLDER_PATH = "$(PUBLIC_HEADERS_FOLDER_PATH)";
				PRODUCT_NAME = CMathExpressionParser;
				PUBLIC_HEADERS_FOLDER_PATH = /usr/local/include/CMathExpressionParser;
				ZERO_LINK = NO;
			};
			name = Release;
		};
		266655CE12B9F50B00BB5F08 /* Debug */ = {
			isa = XCBuildConfiguration;
			buildSettings = {
				ALWAYS_SEARCH_USER_PATHS = NO;
				COPY_PHASE_STRIP = NO;
				FRAMEWORK_SEARCH_PATHS = "$(DEVELOPER_LIBRARY_DIR)/Frameworks";
				GCC_DYNAMIC_NO_PIC = NO;
				GCC_ENABLE_FIX_AND_CONTINUE = NO;
				GCC_ENABLE_OBJC_EXCEPTIONS = YES;
				GCC_MODEL_TUNING = G5;
				GCC_OPTIMIZATION_LEVEL = 0;
				GCC_PRECOMPILE_PREFIX_HEADER = YES;
				GCC_PREFIX_HEADER = CMathExpressionParser_Prefix.pch;
				INFOPLIST_FILE = "Tests/Tests-Info.plist";
				INSTALL_PATH = "$(USER_LIBRARY_DIR)/Bundles";
				OTHER_LDFLAGS = (
					"-all_load",
					"-ObjC",
					"-framework",
					Cocoa,
					"-framework",
					SenTestingKit,
				);
				PREBINDING = NO;
				PRODUCT_NAME = Tests;
				WRAPPER_EXTENSION = octest;
			};
			name = Debug;
		};
		266655CF12B9F50B00BB5F08 /* Release */ = {
			isa = XCBuildConfiguration;
			buildSettings = {
				ALWAYS_SEARCH_USER_PATHS = NO;
				COPY_PHASE_STRIP = YES;
				DEBUG_INFORMATION_FORMAT = "dwarf-with-dsym";
				FRAMEWORK_SEARCH_PATHS = "$(DEVELOPER_LIBRARY_DIR)/Frameworks";
				GCC_ENABLE_FIX_AND_CONTINUE = NO;
				GCC_ENABLE_OBJC_EXCEPTIONS = YES;
				GCC_MODEL_TUNING = G5;
				GCC_PRECOMPILE_PREFIX_HEADER = YES;
				GCC_PREFIX_HEADER = CMathExpressionParser_Prefix.pch;
				INFOPLIST_FILE = "Tests/Tests-Info.plist";
				INSTALL_PATH = "$(USER_LIBRARY_DIR)/Bundles";
				OTHER_LDFLAGS = (
					"-all_load",
					"-ObjC",
					"-framework",
					Cocoa,
					"-framework",
					SenTestingKit,
				);
				PREBINDING = NO;
				PRODUCT_NAME = Tests;
				WRAPPER_EXTENSION = octest;
				ZERO_LINK = NO;
			};
			name = Release;
		};
/* End XCBuildConfiguration section */

/* Begin XCConfigurationList section */
		1DEB927408733DD40010E9CD /* Build configuration list for PBXNativeTarget "TestParser" */ = {
			isa = XCConfigurationList;
			buildConfigurations = (
				1DEB927508733DD40010E9CD /* Debug */,
				1DEB927608733DD40010E9CD /* Release */,
			);
			defaultConfigurationIsVisible = 0;
			defaultConfigurationName = Release;
		};
		1DEB927808733DD40010E9CD /* Build configuration list for PBXProject "CMathExpressionParser" */ = {
			isa = XCConfigurationList;
			buildConfigurations = (
				1DEB927908733DD40010E9CD /* Debug */,
				1DEB927A08733DD40010E9CD /* Release */,
			);
			defaultConfigurationIsVisible = 0;
			defaultConfigurationName = Release;
		};
		262A8ED912BB7DB700CFC561 /* Build configuration list for PBXNativeTarget "CMathExpressionParser" */ = {
			isa = XCConfigurationList;
			buildConfigurations = (
				262A8E9112BB7CA000CFC561 /* Debug */,
				262A8E9212BB7CA000CFC561 /* Release */,
			);
			defaultConfigurationIsVisible = 0;
			defaultConfigurationName = Release;
		};
		266655D012B9F50B00BB5F08 /* Build configuration list for PBXNativeTarget "Tests" */ = {
			isa = XCConfigurationList;
			buildConfigurations = (
				266655CE12B9F50B00BB5F08 /* Debug */,
				266655CF12B9F50B00BB5F08 /* Release */,
			);
			defaultConfigurationIsVisible = 0;
			defaultConfigurationName = Release;
		};
/* End XCConfigurationList section */
	};
	rootObject = 08FB7793FE84155DC02AAC07 /* Project object */;
}
